
Microsoft Visual Studio Solution File, Format Version 12.00
# Visual Studio 2013
VisualStudioVersion = 12.0.21005.1
MinimumVisualStudioVersion = 10.0.40219.1
Project("{2150E333-8FDC-42A3-9474-1A3956D46DE8}") = "UI", "UI", "{F97E5AC2-FC16-4F0D-B45B-B5C7398F0AB4}"
EndProject
Project("{2150E333-8FDC-42A3-9474-1A3956D46DE8}") = "BUSINESSLOGIC", "BUSINESSLOGIC", "{71A0BD2E-D85D-41F8-A645-1C1DA36AF1DD}"
EndProject
Project("{2150E333-8FDC-42A3-9474-1A3956D46DE8}") = "FRAMEWORK", "FRAMEWORK", "{03F374C1-FD9C-4251-8809-08252FDAE615}"
EndProject
Project("{2150E333-8FDC-42A3-9474-1A3956D46DE8}") = "SERVICES", "SERVICES", "{65C64675-F55A-4FF2-8717-12738DDE9FF1}"
EndProject
Project("{2150E333-8FDC-42A3-9474-1A3956D46DE8}") = "Web", "Web", "{AC4BA162-A098-42EC-87B1-130A9B23AA4F}"
EndProject
Project("{2150E333-8FDC-42A3-9474-1A3956D46DE8}") = "Window", "Window", "{21CF2BF5-8ED9-409F-AD97-E463AAE5F943}"
EndProject
Project("{2150E333-8FDC-42A3-9474-1A3956D46DE8}") = "BUSINESSLOGIC.IRMS", "BUSINESSLOGIC.IRMS", "{DBCA8320-C4BA-4B2E-8F98-2035CF817198}"
EndProject
Project("{2150E333-8FDC-42A3-9474-1A3956D46DE8}") = "BUSINESSLOGIC.CONFIGURATION", "BUSINESSLOGIC.CONFIGURATION", "{DA0E4D1A-EEC9-4C67-AF90-F005421B6ED5}"
EndProject
Project("{2150E333-8FDC-42A3-9474-1A3956D46DE8}") = "BUSINESSLOGIC.FRONTDESK", "BUSINESSLOGIC.FRONTDESK", "{BEC7CC8E-B5D8-4AF1-AF40-9FE471F56952}"
EndProject
Project("{2150E333-8FDC-42A3-9474-1A3956D46DE8}") = "BUSINESSLOGIC.BACKOFFICE", "BUSINESSLOGIC.BACKOFFICE", "{A43DEC90-0D82-43EC-910E-FA22B53EDE53}"
EndProject
Project("{FAE04EC0-301F-11D3-BF4B-00C04F79EFBC}") = "SQT.Symphony.UI.Web.IRMS", "UI\Web\IRMS\SQT.Symphony.UI.Web.IRMS\SQT.Symphony.UI.Web.IRMS.csproj", "{53EE36A8-E542-4598-8C50-DFCBD271BAF5}"
	ProjectSection(ProjectDependencies) = postProject
		{6A69BC15-4AD8-48B4-8C78-FA93D0736227} = {6A69BC15-4AD8-48B4-8C78-FA93D0736227}
	EndProjectSection
EndProject
Project("{FAE04EC0-301F-11D3-BF4B-00C04F79EFBC}") = "SQT.Symphony.BusinessLogic.IRMS.DTO", "BUSINESSLOGIC\IRMS\SQT.Symphony.BusinessLogic.IRMS.DTO\SQT.Symphony.BusinessLogic.IRMS.DTO.csproj", "{6B11022B-F840-4950-A789-DB98DED29EEB}"
EndProject
Project("{FAE04EC0-301F-11D3-BF4B-00C04F79EFBC}") = "SQT.Symphony.BusinessLogic.IRMS.BLL", "BUSINESSLOGIC\IRMS\SQT.Symphony.BusinessLogic.IRMS.BLL\SQT.Symphony.BusinessLogic.IRMS.BLL.csproj", "{B39B6372-4D26-4AA5-9112-E3A7EA41F5C3}"
EndProject
Project("{FAE04EC0-301F-11D3-BF4B-00C04F79EFBC}") = "SQT.Symphony.BusinessLogic.IRMS.DAL", "BUSINESSLOGIC\IRMS\SQT.Symphony.BusinessLogic.IRMS.DAL\SQT.Symphony.BusinessLogic.IRMS.DAL.csproj", "{46B2DBC2-1911-47AA-99CE-B4F4630AC614}"
EndProject
Project("{FAE04EC0-301F-11D3-BF4B-00C04F79EFBC}") = "SQT.Symphony.BusinessLogic.IRMS.COMMON", "BUSINESSLOGIC\IRMS\SQT.Symphony.BusinessLogic.IRMS.COMMON\SQT.Symphony.BusinessLogic.IRMS.COMMON.csproj", "{2562A355-DFAA-431E-BB08-53A1D3D8D134}"
EndProject
Project("{FAE04EC0-301F-11D3-BF4B-00C04F79EFBC}") = "SQT.FRAMEWORK.COMMON", "FRAMEWORK\SQT.FRAMEWORK.COMMON\SQT.FRAMEWORK.COMMON.csproj", "{EFABBC06-7201-4446-80F2-80C9D525916C}"
EndProject
Project("{FAE04EC0-301F-11D3-BF4B-00C04F79EFBC}") = "SQT.FRAMEWORK.DAL", "FRAMEWORK\SQT.FRAMEWORK.DAL\SQT.FRAMEWORK.DAL.csproj", "{9523644A-8EA4-4C73-AB7B-4C25181837BA}"
EndProject
Project("{FAE04EC0-301F-11D3-BF4B-00C04F79EFBC}") = "SQT.FRAMEWORK.LOGGER", "FRAMEWORK\SQT.FRAMEWORK.LOGGER\SQT.FRAMEWORK.LOGGER.csproj", "{F6E4F7D0-70C5-429E-A70E-F473B5ACC038}"
EndProject
Project("{FAE04EC0-301F-11D3-BF4B-00C04F79EFBC}") = "SQT.FRAMEWORK.EXCEPTION", "FRAMEWORK\SQT.FRAMEWORK.EXCEPTION\SQT.FRAMEWORK.EXCEPTION.csproj", "{9431D7F1-8C0F-41A2-A43E-9E8980694650}"
EndProject
Project("{FAE04EC0-301F-11D3-BF4B-00C04F79EFBC}") = "SQT.FRAMEWORK.MESSAGES", "FRAMEWORK\SQT.FRAMEWORK.MESSAGES\SQT.FRAMEWORK.MESSAGES.csproj", "{DAE93A0B-03AF-445E-AB8B-C600D3F6E80A}"
EndProject
Project("{FAE04EC0-301F-11D3-BF4B-00C04F79EFBC}") = "SQT.FRAMEWORK.SECURITY", "FRAMEWORK\SQT.FRAMEWORK.SECURITY\SQT.FRAMEWORK.SECURITY.csproj", "{FB2824D5-69BE-4378-95B8-93DC9D8BB499}"
EndProject
Project("{FAE04EC0-301F-11D3-BF4B-00C04F79EFBC}") = "SQT.Symphony.BusinessLogic.Configuration.DTO", "BUSINESSLOGIC\CONFIGURATION\SQT.Symphony.BusinessLogic.Configuration.DTO\SQT.Symphony.BusinessLogic.Configuration.DTO.csproj", "{0B8BD7D0-5B6B-4675-A002-5180AC8E4BCD}"
EndProject
Project("{FAE04EC0-301F-11D3-BF4B-00C04F79EFBC}") = "SQT.Symphony.BusinessLogic.Configuration.BLL", "BUSINESSLOGIC\CONFIGURATION\SQT.Symphony.BusinessLogic.Configuration.BLL\SQT.Symphony.BusinessLogic.Configuration.BLL.csproj", "{3CB4A6BB-55FA-4E51-8067-B7539E836259}"
EndProject
Project("{FAE04EC0-301F-11D3-BF4B-00C04F79EFBC}") = "SQT.Symphony.BusinessLogic.Configuration.DAL", "BUSINESSLOGIC\CONFIGURATION\SQT.Symphony.BusinessLogic.Configuration.DAL\SQT.Symphony.BusinessLogic.Configuration.DAL.csproj", "{AA6BD733-19D8-42F6-A5BE-8D6208F9BEEE}"
EndProject
Project("{FAE04EC0-301F-11D3-BF4B-00C04F79EFBC}") = "SQT.Symphony.BusinessLogic.Configuration.COMMON", "BUSINESSLOGIC\CONFIGURATION\SQT.Symphony.BusinessLogic.Configuration.COMMON\SQT.Symphony.BusinessLogic.Configuration.COMMON.csproj", "{3B16F1E0-5FA6-42B4-BC34-84C89DACD04C}"
EndProject
Project("{FAE04EC0-301F-11D3-BF4B-00C04F79EFBC}") = "CKEditor.NET", "UI\Web\IRMS\FCK Editor\CKEditor.NET\CKEditor.NET.csproj", "{FC4500A9-8E83-46B0-87FA-86D44AB79AA7}"
EndProject
Project("{FAE04EC0-301F-11D3-BF4B-00C04F79EFBC}") = "SQT.Symphony.UI.Web.Configuration", "UI\Web\IRMS\SQT.Symphony.UI.Web.Configuration\SQT.Symphony.UI.Web.Configuration.csproj", "{FC781797-AEC8-4C7E-A640-875FA041A7E3}"
EndProject
Project("{FAE04EC0-301F-11D3-BF4B-00C04F79EFBC}") = "SQT.Symphony.UI.Web.FrontDesk", "UI\Web\IRMS\SQT.Symphony.UI.Web.FrontDesk\SQT.Symphony.UI.Web.FrontDesk.csproj", "{D403FE1C-FC80-4188-A016-33BC59238606}"
	ProjectSection(ProjectDependencies) = postProject
		{C2650294-B9FF-4668-8CC2-78B36E060CB2} = {C2650294-B9FF-4668-8CC2-78B36E060CB2}
	EndProjectSection
EndProject
Project("{FAE04EC0-301F-11D3-BF4B-00C04F79EFBC}") = "SQT.Symphony.BusinessLogic.FrontDesk.DTO", "BUSINESSLOGIC\FRONTDESK\SQT.Symphony.BusinessLogic.FrontDesk.DTO\SQT.Symphony.BusinessLogic.FrontDesk.DTO.csproj", "{B0A07EF7-397F-4B27-9B19-0937E576AB95}"
EndProject
Project("{FAE04EC0-301F-11D3-BF4B-00C04F79EFBC}") = "SQT.Symphony.BusinessLogic.FrontDesk.DAL", "BUSINESSLOGIC\FRONTDESK\SQT.Symphony.BusinessLogic.FrontDesk.DAL\SQT.Symphony.BusinessLogic.FrontDesk.DAL.csproj", "{9D6750A5-E793-49D7-9499-88B2DAB3DCEC}"
EndProject
Project("{FAE04EC0-301F-11D3-BF4B-00C04F79EFBC}") = "SQT.Symphony.BusinessLogic.FrontDesk.COMMON", "BUSINESSLOGIC\FRONTDESK\SQT.Symphony.BusinessLogic.FrontDesk.COMMON\SQT.Symphony.BusinessLogic.FrontDesk.COMMON.csproj", "{63EB9D37-91F6-4B68-BBDE-CCF48058BE2E}"
EndProject
Project("{FAE04EC0-301F-11D3-BF4B-00C04F79EFBC}") = "SQT.Symphony.BusinessLogic.FrontDesk.BLL", "BUSINESSLOGIC\FRONTDESK\SQT.Symphony.BusinessLogic.FrontDesk.BLL\SQT.Symphony.BusinessLogic.FrontDesk.BLL.csproj", "{5C863304-BF8E-4F62-BDBE-8BF32B77EB53}"
EndProject
Project("{FAE04EC0-301F-11D3-BF4B-00C04F79EFBC}") = "SQT.Symphony.BusinessLogic.BackOffice.COMMON", "BUSINESSLOGIC\BACKOFFICE\SQT.Symphony.BusinessLogic.BackOffice.COMMON\SQT.Symphony.BusinessLogic.BackOffice.COMMON.csproj", "{34B38477-E36C-4557-AC0A-121DA9E90C15}"
EndProject
Project("{FAE04EC0-301F-11D3-BF4B-00C04F79EFBC}") = "SQT.Symphony.BusinessLogic.BackOffice.BLL", "BUSINESSLOGIC\BACKOFFICE\SQT.Symphony.BusinessLogic.BackOffice.BLL\SQT.Symphony.BusinessLogic.BackOffice.BLL.csproj", "{22ED0AD2-7463-438A-BBD8-EB51826D09A8}"
EndProject
Project("{FAE04EC0-301F-11D3-BF4B-00C04F79EFBC}") = "SQT.Symphony.BusinessLogic.BackOffice.DAL", "BUSINESSLOGIC\BACKOFFICE\sQT.Symphony.BusinessLogic.BackOffice.DAL\SQT.Symphony.BusinessLogic.BackOffice.DAL.csproj", "{860D0BA5-3539-43BA-960B-18DAD741CCBC}"
EndProject
Project("{FAE04EC0-301F-11D3-BF4B-00C04F79EFBC}") = "SQT.Symphony.BusinessLogic.BackOffice.DTO", "BUSINESSLOGIC\BACKOFFICE\SQT.Symphony.BusinessLogic.BackOffice.DTO\SQT.Symphony.BusinessLogic.BackOffice.DTO.csproj", "{E396BE3E-4AA6-4A90-88C0-977837268609}"
EndProject
Project("{FAE04EC0-301F-11D3-BF4B-00C04F79EFBC}") = "SQT.Symphony.UI.Web.IRServices", "UI\Web\IRMS\SQT.Symphony.UI.Web.IRServices\SQT.Symphony.UI.Web.IRServices.csproj", "{C2650294-B9FF-4668-8CC2-78B36E060CB2}"
EndProject
Project("{FAE04EC0-301F-11D3-BF4B-00C04F79EFBC}") = "SQT.Symphony.UI.Web.PosServices", "UI\Web\IRMS\SQT.Symphony.UI.Web.PosServices\SQT.Symphony.UI.Web.PosServices.csproj", "{6A69BC15-4AD8-48B4-8C78-FA93D0736227}"
EndProject
Project("{FAE04EC0-301F-11D3-BF4B-00C04F79EFBC}") = "SQT.Symphony.UI.Web.BackOffice", "UI\Web\IRMS\SQT.Symphony.UI.Web.BackOffice\SQT.Symphony.UI.Web.BackOffice.csproj", "{9278A6E8-16F4-4E0B-986B-B67025616C87}"
EndProject
Project("{FAE04EC0-301F-11D3-BF4B-00C04F79EFBC}") = "SrvcGuestOverstay", "UI\Window\SrvcGuestOverstay\SrvcGuestOverstay.csproj", "{0460259E-64D5-49A3-A173-B378A0F61FE3}"
	ProjectSection(ProjectDependencies) = postProject
		{6A69BC15-4AD8-48B4-8C78-FA93D0736227} = {6A69BC15-4AD8-48B4-8C78-FA93D0736227}
	EndProjectSection
EndProject
Global
	GlobalSection(TeamFoundationVersionControl) = preSolution
		SccNumberOfProjects = 29
		SccEnterpriseProvider = {4CA58AB2-18FA-4F8D-95D4-32DDF27D184C}
		SccTeamFoundationServer = http://220.227.152.246:8080/tfs/uniworld
		SccLocalPath0 = .
		SccProjectUniqueName1 = BUSINESSLOGIC\\BACKOFFICE\\SQT.Symphony.BusinessLogic.BackOffice.BLL\\SQT.Symphony.BusinessLogic.BackOffice.BLL.csproj
		SccProjectTopLevelParentUniqueName1 = Symphony.sln
		SccProjectName1 = BUSINESSLOGIC/BACKOFFICE/SQT.Symphony.BusinessLogic.BackOffice.BLL
		SccLocalPath1 = BUSINESSLOGIC\\BACKOFFICE\\SQT.Symphony.BusinessLogic.BackOffice.BLL
		SccProjectUniqueName2 = BUSINESSLOGIC\\BACKOFFICE\\SQT.Symphony.BusinessLogic.BackOffice.COMMON\\SQT.Symphony.BusinessLogic.BackOffice.COMMON.csproj
		SccProjectTopLevelParentUniqueName2 = Symphony.sln
		SccProjectName2 = BUSINESSLOGIC/BACKOFFICE/SQT.Symphony.BusinessLogic.BackOffice.COMMON
		SccLocalPath2 = BUSINESSLOGIC\\BACKOFFICE\\SQT.Symphony.BusinessLogic.BackOffice.COMMON
		SccProjectUniqueName3 = BUSINESSLOGIC\\BACKOFFICE\\sQT.Symphony.BusinessLogic.BackOffice.DAL\\SQT.Symphony.BusinessLogic.BackOffice.DAL.csproj
		SccProjectTopLevelParentUniqueName3 = Symphony.sln
		SccProjectName3 = BUSINESSLOGIC/BACKOFFICE/sQT.Symphony.BusinessLogic.BackOffice.DAL
		SccLocalPath3 = BUSINESSLOGIC\\BACKOFFICE\\sQT.Symphony.BusinessLogic.BackOffice.DAL
		SccProjectUniqueName4 = BUSINESSLOGIC\\BACKOFFICE\\SQT.Symphony.BusinessLogic.BackOffice.DTO\\SQT.Symphony.BusinessLogic.BackOffice.DTO.csproj
		SccProjectTopLevelParentUniqueName4 = Symphony.sln
		SccProjectName4 = BUSINESSLOGIC/BACKOFFICE/SQT.Symphony.BusinessLogic.BackOffice.DTO
		SccLocalPath4 = BUSINESSLOGIC\\BACKOFFICE\\SQT.Symphony.BusinessLogic.BackOffice.DTO
		SccProjectUniqueName5 = BUSINESSLOGIC\\CONFIGURATION\\SQT.Symphony.BusinessLogic.Configuration.BLL\\SQT.Symphony.BusinessLogic.Configuration.BLL.csproj
		SccProjectTopLevelParentUniqueName5 = Symphony.sln
		SccProjectName5 = BUSINESSLOGIC/CONFIGURATION/SQT.Symphony.BusinessLogic.Configuration.BLL
		SccLocalPath5 = BUSINESSLOGIC\\CONFIGURATION\\SQT.Symphony.BusinessLogic.Configuration.BLL
		SccProjectUniqueName6 = BUSINESSLOGIC\\CONFIGURATION\\SQT.Symphony.BusinessLogic.Configuration.COMMON\\SQT.Symphony.BusinessLogic.Configuration.COMMON.csproj
		SccProjectTopLevelParentUniqueName6 = Symphony.sln
		SccProjectName6 = BUSINESSLOGIC/CONFIGURATION/SQT.Symphony.BusinessLogic.Configuration.COMMON
		SccLocalPath6 = BUSINESSLOGIC\\CONFIGURATION\\SQT.Symphony.BusinessLogic.Configuration.COMMON
		SccProjectUniqueName7 = BUSINESSLOGIC\\CONFIGURATION\\SQT.Symphony.BusinessLogic.Configuration.DAL\\SQT.Symphony.BusinessLogic.Configuration.DAL.csproj
		SccProjectTopLevelParentUniqueName7 = Symphony.sln
		SccProjectName7 = BUSINESSLOGIC/CONFIGURATION/SQT.Symphony.BusinessLogic.Configuration.DAL
		SccLocalPath7 = BUSINESSLOGIC\\CONFIGURATION\\SQT.Symphony.BusinessLogic.Configuration.DAL
		SccProjectUniqueName8 = BUSINESSLOGIC\\CONFIGURATION\\SQT.Symphony.BusinessLogic.Configuration.DTO\\SQT.Symphony.BusinessLogic.Configuration.DTO.csproj
		SccProjectTopLevelParentUniqueName8 = Symphony.sln
		SccProjectName8 = BUSINESSLOGIC/CONFIGURATION/SQT.Symphony.BusinessLogic.Configuration.DTO
		SccLocalPath8 = BUSINESSLOGIC\\CONFIGURATION\\SQT.Symphony.BusinessLogic.Configuration.DTO
		SccProjectUniqueName9 = BUSINESSLOGIC\\FRONTDESK\\SQT.Symphony.BusinessLogic.FrontDesk.BLL\\SQT.Symphony.BusinessLogic.FrontDesk.BLL.csproj
		SccProjectTopLevelParentUniqueName9 = Symphony.sln
		SccProjectName9 = BUSINESSLOGIC/FRONTDESK/SQT.Symphony.BusinessLogic.FrontDesk.BLL
		SccLocalPath9 = BUSINESSLOGIC\\FRONTDESK\\SQT.Symphony.BusinessLogic.FrontDesk.BLL
		SccProjectUniqueName10 = BUSINESSLOGIC\\FRONTDESK\\SQT.Symphony.BusinessLogic.FrontDesk.COMMON\\SQT.Symphony.BusinessLogic.FrontDesk.COMMON.csproj
		SccProjectTopLevelParentUniqueName10 = Symphony.sln
		SccProjectName10 = BUSINESSLOGIC/FRONTDESK/SQT.Symphony.BusinessLogic.FrontDesk.COMMON
		SccLocalPath10 = BUSINESSLOGIC\\FRONTDESK\\SQT.Symphony.BusinessLogic.FrontDesk.COMMON
		SccProjectUniqueName11 = BUSINESSLOGIC\\FRONTDESK\\SQT.Symphony.BusinessLogic.FrontDesk.DAL\\SQT.Symphony.BusinessLogic.FrontDesk.DAL.csproj
		SccProjectTopLevelParentUniqueName11 = Symphony.sln
		SccProjectName11 = BUSINESSLOGIC/FRONTDESK/SQT.Symphony.BusinessLogic.FrontDesk.DAL
		SccLocalPath11 = BUSINESSLOGIC\\FRONTDESK\\SQT.Symphony.BusinessLogic.FrontDesk.DAL
		SccProjectUniqueName12 = BUSINESSLOGIC\\FRONTDESK\\SQT.Symphony.BusinessLogic.FrontDesk.DTO\\SQT.Symphony.BusinessLogic.FrontDesk.DTO.csproj
		SccProjectTopLevelParentUniqueName12 = Symphony.sln
		SccProjectName12 = BUSINESSLOGIC/FRONTDESK/SQT.Symphony.BusinessLogic.FrontDesk.DTO
		SccLocalPath12 = BUSINESSLOGIC\\FRONTDESK\\SQT.Symphony.BusinessLogic.FrontDesk.DTO
		SccProjectUniqueName13 = BUSINESSLOGIC\\IRMS\\SQT.Symphony.BusinessLogic.IRMS.BLL\\SQT.Symphony.BusinessLogic.IRMS.BLL.csproj
		SccProjectTopLevelParentUniqueName13 = Symphony.sln
		SccProjectName13 = BUSINESSLOGIC/IRMS/SQT.Symphony.BusinessLogic.IRMS.BLL
		SccLocalPath13 = BUSINESSLOGIC\\IRMS\\SQT.Symphony.BusinessLogic.IRMS.BLL
		SccProjectUniqueName14 = BUSINESSLOGIC\\IRMS\\SQT.Symphony.BusinessLogic.IRMS.COMMON\\SQT.Symphony.BusinessLogic.IRMS.COMMON.csproj
		SccProjectTopLevelParentUniqueName14 = Symphony.sln
		SccProjectName14 = BUSINESSLOGIC/IRMS/SQT.Symphony.BusinessLogic.IRMS.COMMON
		SccLocalPath14 = BUSINESSLOGIC\\IRMS\\SQT.Symphony.BusinessLogic.IRMS.COMMON
		SccProjectUniqueName15 = BUSINESSLOGIC\\IRMS\\SQT.Symphony.BusinessLogic.IRMS.DAL\\SQT.Symphony.BusinessLogic.IRMS.DAL.csproj
		SccProjectTopLevelParentUniqueName15 = Symphony.sln
		SccProjectName15 = BUSINESSLOGIC/IRMS/SQT.Symphony.BusinessLogic.IRMS.DAL
		SccLocalPath15 = BUSINESSLOGIC\\IRMS\\SQT.Symphony.BusinessLogic.IRMS.DAL
		SccProjectUniqueName16 = BUSINESSLOGIC\\IRMS\\SQT.Symphony.BusinessLogic.IRMS.DTO\\SQT.Symphony.BusinessLogic.IRMS.DTO.csproj
		SccProjectTopLevelParentUniqueName16 = Symphony.sln
		SccProjectName16 = BUSINESSLOGIC/IRMS/SQT.Symphony.BusinessLogic.IRMS.DTO
		SccLocalPath16 = BUSINESSLOGIC\\IRMS\\SQT.Symphony.BusinessLogic.IRMS.DTO
		SccProjectUniqueName17 = FRAMEWORK\\SQT.FRAMEWORK.COMMON\\SQT.FRAMEWORK.COMMON.csproj
		SccProjectTopLevelParentUniqueName17 = Symphony.sln
		SccProjectName17 = FRAMEWORK/SQT.FRAMEWORK.COMMON
		SccLocalPath17 = FRAMEWORK\\SQT.FRAMEWORK.COMMON
		SccProjectUniqueName18 = FRAMEWORK\\SQT.FRAMEWORK.DAL\\SQT.FRAMEWORK.DAL.csproj
		SccProjectTopLevelParentUniqueName18 = Symphony.sln
		SccProjectName18 = FRAMEWORK/SQT.FRAMEWORK.DAL
		SccLocalPath18 = FRAMEWORK\\SQT.FRAMEWORK.DAL
		SccProjectUniqueName19 = FRAMEWORK\\SQT.FRAMEWORK.EXCEPTION\\SQT.FRAMEWORK.EXCEPTION.csproj
		SccProjectTopLevelParentUniqueName19 = Symphony.sln
		SccProjectName19 = FRAMEWORK/SQT.FRAMEWORK.EXCEPTION
		SccLocalPath19 = FRAMEWORK\\SQT.FRAMEWORK.EXCEPTION
		SccProjectUniqueName20 = FRAMEWORK\\SQT.FRAMEWORK.LOGGER\\SQT.FRAMEWORK.LOGGER.csproj
		SccProjectTopLevelParentUniqueName20 = Symphony.sln
		SccProjectName20 = FRAMEWORK/SQT.FRAMEWORK.LOGGER
		SccLocalPath20 = FRAMEWORK\\SQT.FRAMEWORK.LOGGER
		SccProjectUniqueName21 = FRAMEWORK\\SQT.FRAMEWORK.MESSAGES\\SQT.FRAMEWORK.MESSAGES.csproj
		SccProjectTopLevelParentUniqueName21 = Symphony.sln
		SccProjectName21 = FRAMEWORK/SQT.FRAMEWORK.MESSAGES
		SccLocalPath21 = FRAMEWORK\\SQT.FRAMEWORK.MESSAGES
		SccProjectUniqueName22 = FRAMEWORK\\SQT.FRAMEWORK.SECURITY\\SQT.FRAMEWORK.SECURITY.csproj
		SccProjectTopLevelParentUniqueName22 = Symphony.sln
		SccProjectName22 = FRAMEWORK/SQT.FRAMEWORK.SECURITY
		SccLocalPath22 = FRAMEWORK\\SQT.FRAMEWORK.SECURITY
		SccProjectUniqueName23 = UI\\Web\\IRMS\\SQT.Symphony.UI.Web.BackOffice\\SQT.Symphony.UI.Web.BackOffice.csproj
		SccProjectTopLevelParentUniqueName23 = Symphony.sln
		SccProjectName23 = UI/Web/IRMS/SQT.Symphony.UI.Web.BackOffice
		SccLocalPath23 = UI\\Web\\IRMS\\SQT.Symphony.UI.Web.BackOffice
		SccProjectUniqueName24 = UI\\Web\\IRMS\\SQT.Symphony.UI.Web.Configuration\\SQT.Symphony.UI.Web.Configuration.csproj
		SccProjectTopLevelParentUniqueName24 = Symphony.sln
		SccProjectName24 = UI/Web/IRMS/SQT.Symphony.UI.Web.Configuration
		SccLocalPath24 = UI\\Web\\IRMS\\SQT.Symphony.UI.Web.Configuration
		SccProjectUniqueName25 = UI\\Web\\IRMS\\SQT.Symphony.UI.Web.FrontDesk\\SQT.Symphony.UI.Web.FrontDesk.csproj
		SccProjectTopLevelParentUniqueName25 = Symphony.sln
		SccProjectName25 = UI/Web/IRMS/SQT.Symphony.UI.Web.FrontDesk
		SccLocalPath25 = UI\\Web\\IRMS\\SQT.Symphony.UI.Web.FrontDesk
		SccProjectUniqueName26 = UI\\Web\\IRMS\\SQT.Symphony.UI.Web.IRMS\\SQT.Symphony.UI.Web.IRMS.csproj
		SccProjectTopLevelParentUniqueName26 = Symphony.sln
		SccProjectName26 = UI/Web/IRMS/SQT.Symphony.UI.Web.IRMS
		SccLocalPath26 = UI\\Web\\IRMS\\SQT.Symphony.UI.Web.IRMS
		SccProjectUniqueName27 = UI\\Web\\IRMS\\SQT.Symphony.UI.Web.IRServices\\SQT.Symphony.UI.Web.IRServices.csproj
		SccProjectTopLevelParentUniqueName27 = Symphony.sln
		SccProjectName27 = UI/Web/IRMS/SQT.Symphony.UI.Web.IRServices
		SccLocalPath27 = UI\\Web\\IRMS\\SQT.Symphony.UI.Web.IRServices
		SccProjectUniqueName28 = UI\\Web\\IRMS\\SQT.Symphony.UI.Web.PosServices\\SQT.Symphony.UI.Web.PosServices.csproj
		SccProjectTopLevelParentUniqueName28 = Symphony.sln
		SccProjectName28 = UI/Web/IRMS/SQT.Symphony.UI.Web.PosServices
		SccLocalPath28 = UI\\Web\\IRMS\\SQT.Symphony.UI.Web.PosServices
	EndGlobalSection
	GlobalSection(SolutionConfigurationPlatforms) = preSolution
		Debug|Any CPU = Debug|Any CPU
		Debug|Mixed Platforms = Debug|Mixed Platforms
		Debug|x86 = Debug|x86
		Release|Any CPU = Release|Any CPU
		Release|Mixed Platforms = Release|Mixed Platforms
		Release|x86 = Release|x86
	EndGlobalSection
	GlobalSection(ProjectConfigurationPlatforms) = postSolution
		{53EE36A8-E542-4598-8C50-DFCBD271BAF5}.Debug|Any CPU.ActiveCfg = Debug|Any CPU
		{53EE36A8-E542-4598-8C50-DFCBD271BAF5}.Debug|Any CPU.Build.0 = Debug|Any CPU
		{53EE36A8-E542-4598-8C50-DFCBD271BAF5}.Debug|Mixed Platforms.ActiveCfg = Debug|Any CPU
		{53EE36A8-E542-4598-8C50-DFCBD271BAF5}.Debug|Mixed Platforms.Build.0 = Debug|Any CPU
		{53EE36A8-E542-4598-8C50-DFCBD271BAF5}.Debug|x86.ActiveCfg = Debug|Any CPU
		{53EE36A8-E542-4598-8C50-DFCBD271BAF5}.Release|Any CPU.ActiveCfg = Release|Any CPU
		{53EE36A8-E542-4598-8C50-DFCBD271BAF5}.Release|Any CPU.Build.0 = Release|Any CPU
		{53EE36A8-E542-4598-8C50-DFCBD271BAF5}.Release|Mixed Platforms.ActiveCfg = Release|Any CPU
		{53EE36A8-E542-4598-8C50-DFCBD271BAF5}.Release|Mixed Platforms.Build.0 = Release|Any CPU
		{53EE36A8-E542-4598-8C50-DFCBD271BAF5}.Release|x86.ActiveCfg = Release|Any CPU
		{6B11022B-F840-4950-A789-DB98DED29EEB}.Debug|Any CPU.ActiveCfg = Debug|Any CPU
		{6B11022B-F840-4950-A789-DB98DED29EEB}.Debug|Any CPU.Build.0 = Debug|Any CPU
		{6B11022B-F840-4950-A789-DB98DED29EEB}.Debug|Mixed Platforms.ActiveCfg = Debug|Any CPU
		{6B11022B-F840-4950-A789-DB98DED29EEB}.Debug|Mixed Platforms.Build.0 = Debug|Any CPU
		{6B11022B-F840-4950-A789-DB98DED29EEB}.Debug|x86.ActiveCfg = Debug|Any CPU
		{6B11022B-F840-4950-A789-DB98DED29EEB}.Release|Any CPU.ActiveCfg = Release|Any CPU
		{6B11022B-F840-4950-A789-DB98DED29EEB}.Release|Any CPU.Build.0 = Release|Any CPU
		{6B11022B-F840-4950-A789-DB98DED29EEB}.Release|Mixed Platforms.ActiveCfg = Release|Any CPU
		{6B11022B-F840-4950-A789-DB98DED29EEB}.Release|Mixed Platforms.Build.0 = Release|Any CPU
		{6B11022B-F840-4950-A789-DB98DED29EEB}.Release|x86.ActiveCfg = Release|Any CPU
		{B39B6372-4D26-4AA5-9112-E3A7EA41F5C3}.Debug|Any CPU.ActiveCfg = Debug|Any CPU
		{B39B6372-4D26-4AA5-9112-E3A7EA41F5C3}.Debug|Any CPU.Build.0 = Debug|Any CPU
		{B39B6372-4D26-4AA5-9112-E3A7EA41F5C3}.Debug|Mixed Platforms.ActiveCfg = Debug|Any CPU
		{B39B6372-4D26-4AA5-9112-E3A7EA41F5C3}.Debug|Mixed Platforms.Build.0 = Debug|Any CPU
		{B39B6372-4D26-4AA5-9112-E3A7EA41F5C3}.Debug|x86.ActiveCfg = Debug|Any CPU
		{B39B6372-4D26-4AA5-9112-E3A7EA41F5C3}.Release|Any CPU.ActiveCfg = Release|Any CPU
		{B39B6372-4D26-4AA5-9112-E3A7EA41F5C3}.Release|Any CPU.Build.0 = Release|Any CPU
		{B39B6372-4D26-4AA5-9112-E3A7EA41F5C3}.Release|Mixed Platforms.ActiveCfg = Release|Any CPU
		{B39B6372-4D26-4AA5-9112-E3A7EA41F5C3}.Release|Mixed Platforms.Build.0 = Release|Any CPU
		{B39B6372-4D26-4AA5-9112-E3A7EA41F5C3}.Release|x86.ActiveCfg = Release|Any CPU
		{46B2DBC2-1911-47AA-99CE-B4F4630AC614}.Debug|Any CPU.ActiveCfg = Debug|Any CPU
		{46B2DBC2-1911-47AA-99CE-B4F4630AC614}.Debug|Any CPU.Build.0 = Debug|Any CPU
		{46B2DBC2-1911-47AA-99CE-B4F4630AC614}.Debug|Mixed Platforms.ActiveCfg = Debug|Any CPU
		{46B2DBC2-1911-47AA-99CE-B4F4630AC614}.Debug|Mixed Platforms.Build.0 = Debug|Any CPU
		{46B2DBC2-1911-47AA-99CE-B4F4630AC614}.Debug|x86.ActiveCfg = Debug|Any CPU
		{46B2DBC2-1911-47AA-99CE-B4F4630AC614}.Release|Any CPU.ActiveCfg = Release|Any CPU
		{46B2DBC2-1911-47AA-99CE-B4F4630AC614}.Release|Any CPU.Build.0 = Release|Any CPU
		{46B2DBC2-1911-47AA-99CE-B4F4630AC614}.Release|Mixed Platforms.ActiveCfg = Release|Any CPU
		{46B2DBC2-1911-47AA-99CE-B4F4630AC614}.Release|Mixed Platforms.Build.0 = Release|Any CPU
		{46B2DBC2-1911-47AA-99CE-B4F4630AC614}.Release|x86.ActiveCfg = Release|Any CPU
		{2562A355-DFAA-431E-BB08-53A1D3D8D134}.Debug|Any CPU.ActiveCfg = Debug|Any CPU
		{2562A355-DFAA-431E-BB08-53A1D3D8D134}.Debug|Any CPU.Build.0 = Debug|Any CPU
		{2562A355-DFAA-431E-BB08-53A1D3D8D134}.Debug|Mixed Platforms.ActiveCfg = Debug|Any CPU
		{2562A355-DFAA-431E-BB08-53A1D3D8D134}.Debug|Mixed Platforms.Build.0 = Debug|Any CPU
		{2562A355-DFAA-431E-BB08-53A1D3D8D134}.Debug|x86.ActiveCfg = Debug|Any CPU
		{2562A355-DFAA-431E-BB08-53A1D3D8D134}.Release|Any CPU.ActiveCfg = Release|Any CPU
		{2562A355-DFAA-431E-BB08-53A1D3D8D134}.Release|Any CPU.Build.0 = Release|Any CPU
		{2562A355-DFAA-431E-BB08-53A1D3D8D134}.Release|Mixed Platforms.ActiveCfg = Release|Any CPU
		{2562A355-DFAA-431E-BB08-53A1D3D8D134}.Release|Mixed Platforms.Build.0 = Release|Any CPU
		{2562A355-DFAA-431E-BB08-53A1D3D8D134}.Release|x86.ActiveCfg = Release|Any CPU
		{EFABBC06-7201-4446-80F2-80C9D525916C}.Debug|Any CPU.ActiveCfg = Debug|Any CPU
		{EFABBC06-7201-4446-80F2-80C9D525916C}.Debug|Any CPU.Build.0 = Debug|Any CPU
		{EFABBC06-7201-4446-80F2-80C9D525916C}.Debug|Mixed Platforms.ActiveCfg = Debug|Any CPU
		{EFABBC06-7201-4446-80F2-80C9D525916C}.Debug|Mixed Platforms.Build.0 = Debug|Any CPU
		{EFABBC06-7201-4446-80F2-80C9D525916C}.Debug|x86.ActiveCfg = Debug|Any CPU
		{EFABBC06-7201-4446-80F2-80C9D525916C}.Release|Any CPU.ActiveCfg = Release|Any CPU
		{EFABBC06-7201-4446-80F2-80C9D525916C}.Release|Any CPU.Build.0 = Release|Any CPU
		{EFABBC06-7201-4446-80F2-80C9D525916C}.Release|Mixed Platforms.ActiveCfg = Release|Any CPU
		{EFABBC06-7201-4446-80F2-80C9D525916C}.Release|Mixed Platforms.Build.0 = Release|Any CPU
		{EFABBC06-7201-4446-80F2-80C9D525916C}.Release|x86.ActiveCfg = Release|Any CPU
		{9523644A-8EA4-4C73-AB7B-4C25181837BA}.Debug|Any CPU.ActiveCfg = Debug|Any CPU
		{9523644A-8EA4-4C73-AB7B-4C25181837BA}.Debug|Any CPU.Build.0 = Debug|Any CPU
		{9523644A-8EA4-4C73-AB7B-4C25181837BA}.Debug|Mixed Platforms.ActiveCfg = Debug|Any CPU
		{9523644A-8EA4-4C73-AB7B-4C25181837BA}.Debug|Mixed Platforms.Build.0 = Debug|Any CPU
		{9523644A-8EA4-4C73-AB7B-4C25181837BA}.Debug|x86.ActiveCfg = Debug|Any CPU
		{9523644A-8EA4-4C73-AB7B-4C25181837BA}.Release|Any CPU.ActiveCfg = Release|Any CPU
		{9523644A-8EA4-4C73-AB7B-4C25181837BA}.Release|Any CPU.Build.0 = Release|Any CPU
		{9523644A-8EA4-4C73-AB7B-4C25181837BA}.Release|Mixed Platforms.ActiveCfg = Release|Any CPU
		{9523644A-8EA4-4C73-AB7B-4C25181837BA}.Release|Mixed Platforms.Build.0 = Release|Any CPU
		{9523644A-8EA4-4C73-AB7B-4C25181837BA}.Release|x86.ActiveCfg = Release|Any CPU
		{F6E4F7D0-70C5-429E-A70E-F473B5ACC038}.Debug|Any CPU.ActiveCfg = Debug|Any CPU
		{F6E4F7D0-70C5-429E-A70E-F473B5ACC038}.Debug|Any CPU.Build.0 = Debug|Any CPU
		{F6E4F7D0-70C5-429E-A70E-F473B5ACC038}.Debug|Mixed Platforms.ActiveCfg = Debug|Any CPU
		{F6E4F7D0-70C5-429E-A70E-F473B5ACC038}.Debug|Mixed Platforms.Build.0 = Debug|Any CPU
		{F6E4F7D0-70C5-429E-A70E-F473B5ACC038}.Debug|x86.ActiveCfg = Debug|Any CPU
		{F6E4F7D0-70C5-429E-A70E-F473B5ACC038}.Release|Any CPU.ActiveCfg = Release|Any CPU
		{F6E4F7D0-70C5-429E-A70E-F473B5ACC038}.Release|Any CPU.Build.0 = Release|Any CPU
		{F6E4F7D0-70C5-429E-A70E-F473B5ACC038}.Release|Mixed Platforms.ActiveCfg = Release|Any CPU
		{F6E4F7D0-70C5-429E-A70E-F473B5ACC038}.Release|Mixed Platforms.Build.0 = Release|Any CPU
		{F6E4F7D0-70C5-429E-A70E-F473B5ACC038}.Release|x86.ActiveCfg = Release|Any CPU
		{9431D7F1-8C0F-41A2-A43E-9E8980694650}.Debug|Any CPU.ActiveCfg = Debug|Any CPU
		{9431D7F1-8C0F-41A2-A43E-9E8980694650}.Debug|Any CPU.Build.0 = Debug|Any CPU
		{9431D7F1-8C0F-41A2-A43E-9E8980694650}.Debug|Mixed Platforms.ActiveCfg = Debug|Any CPU
		{9431D7F1-8C0F-41A2-A43E-9E8980694650}.Debug|Mixed Platforms.Build.0 = Debug|Any CPU
		{9431D7F1-8C0F-41A2-A43E-9E8980694650}.Debug|x86.ActiveCfg = Debug|Any CPU
		{9431D7F1-8C0F-41A2-A43E-9E8980694650}.Release|Any CPU.ActiveCfg = Release|Any CPU
		{9431D7F1-8C0F-41A2-A43E-9E8980694650}.Release|Any CPU.Build.0 = Release|Any CPU
		{9431D7F1-8C0F-41A2-A43E-9E8980694650}.Release|Mixed Platforms.ActiveCfg = Release|Any CPU
		{9431D7F1-8C0F-41A2-A43E-9E8980694650}.Release|Mixed Platforms.Build.0 = Release|Any CPU
		{9431D7F1-8C0F-41A2-A43E-9E8980694650}.Release|x86.ActiveCfg = Release|Any CPU
		{DAE93A0B-03AF-445E-AB8B-C600D3F6E80A}.Debug|Any CPU.ActiveCfg = Debug|Any CPU
		{DAE93A0B-03AF-445E-AB8B-C600D3F6E80A}.Debug|Any CPU.Build.0 = Debug|Any CPU
		{DAE93A0B-03AF-445E-AB8B-C600D3F6E80A}.Debug|Mixed Platforms.ActiveCfg = Debug|Any CPU
		{DAE93A0B-03AF-445E-AB8B-C600D3F6E80A}.Debug|Mixed Platforms.Build.0 = Debug|Any CPU
		{DAE93A0B-03AF-445E-AB8B-C600D3F6E80A}.Debug|x86.ActiveCfg = Debug|Any CPU
		{DAE93A0B-03AF-445E-AB8B-C600D3F6E80A}.Release|Any CPU.ActiveCfg = Release|Any CPU
		{DAE93A0B-03AF-445E-AB8B-C600D3F6E80A}.Release|Any CPU.Build.0 = Release|Any CPU
		{DAE93A0B-03AF-445E-AB8B-C600D3F6E80A}.Release|Mixed Platforms.ActiveCfg = Release|Any CPU
		{DAE93A0B-03AF-445E-AB8B-C600D3F6E80A}.Release|Mixed Platforms.Build.0 = Release|Any CPU
		{DAE93A0B-03AF-445E-AB8B-C600D3F6E80A}.Release|x86.ActiveCfg = Release|Any CPU
		{FB2824D5-69BE-4378-95B8-93DC9D8BB499}.Debug|Any CPU.ActiveCfg = Debug|Any CPU
		{FB2824D5-69BE-4378-95B8-93DC9D8BB499}.Debug|Any CPU.Build.0 = Debug|Any CPU
		{FB2824D5-69BE-4378-95B8-93DC9D8BB499}.Debug|Mixed Platforms.ActiveCfg = Debug|Any CPU
		{FB2824D5-69BE-4378-95B8-93DC9D8BB499}.Debug|Mixed Platforms.Build.0 = Debug|Any CPU
		{FB2824D5-69BE-4378-95B8-93DC9D8BB499}.Debug|x86.ActiveCfg = Debug|Any CPU
		{FB2824D5-69BE-4378-95B8-93DC9D8BB499}.Release|Any CPU.ActiveCfg = Release|Any CPU
		{FB2824D5-69BE-4378-95B8-93DC9D8BB499}.Release|Any CPU.Build.0 = Release|Any CPU
		{FB2824D5-69BE-4378-95B8-93DC9D8BB499}.Release|Mixed Platforms.ActiveCfg = Release|Any CPU
		{FB2824D5-69BE-4378-95B8-93DC9D8BB499}.Release|Mixed Platforms.Build.0 = Release|Any CPU
		{FB2824D5-69BE-4378-95B8-93DC9D8BB499}.Release|x86.ActiveCfg = Release|Any CPU
		{0B8BD7D0-5B6B-4675-A002-5180AC8E4BCD}.Debug|Any CPU.ActiveCfg = Debug|Any CPU
		{0B8BD7D0-5B6B-4675-A002-5180AC8E4BCD}.Debug|Any CPU.Build.0 = Debug|Any CPU
		{0B8BD7D0-5B6B-4675-A002-5180AC8E4BCD}.Debug|Mixed Platforms.ActiveCfg = Debug|Any CPU
		{0B8BD7D0-5B6B-4675-A002-5180AC8E4BCD}.Debug|Mixed Platforms.Build.0 = Debug|Any CPU
		{0B8BD7D0-5B6B-4675-A002-5180AC8E4BCD}.Debug|x86.ActiveCfg = Debug|Any CPU
		{0B8BD7D0-5B6B-4675-A002-5180AC8E4BCD}.Release|Any CPU.ActiveCfg = Release|Any CPU
		{0B8BD7D0-5B6B-4675-A002-5180AC8E4BCD}.Release|Any CPU.Build.0 = Release|Any CPU
		{0B8BD7D0-5B6B-4675-A002-5180AC8E4BCD}.Release|Mixed Platforms.ActiveCfg = Release|Any CPU
		{0B8BD7D0-5B6B-4675-A002-5180AC8E4BCD}.Release|Mixed Platforms.Build.0 = Release|Any CPU
		{0B8BD7D0-5B6B-4675-A002-5180AC8E4BCD}.Release|x86.ActiveCfg = Release|Any CPU
		{3CB4A6BB-55FA-4E51-8067-B7539E836259}.Debug|Any CPU.ActiveCfg = Debug|Any CPU
		{3CB4A6BB-55FA-4E51-8067-B7539E836259}.Debug|Any CPU.Build.0 = Debug|Any CPU
		{3CB4A6BB-55FA-4E51-8067-B7539E836259}.Debug|Mixed Platforms.ActiveCfg = Debug|Any CPU
		{3CB4A6BB-55FA-4E51-8067-B7539E836259}.Debug|Mixed Platforms.Build.0 = Debug|Any CPU
		{3CB4A6BB-55FA-4E51-8067-B7539E836259}.Debug|x86.ActiveCfg = Debug|Any CPU
		{3CB4A6BB-55FA-4E51-8067-B7539E836259}.Release|Any CPU.ActiveCfg = Release|Any CPU
		{3CB4A6BB-55FA-4E51-8067-B7539E836259}.Release|Any CPU.Build.0 = Release|Any CPU
		{3CB4A6BB-55FA-4E51-8067-B7539E836259}.Release|Mixed Platforms.ActiveCfg = Release|Any CPU
		{3CB4A6BB-55FA-4E51-8067-B7539E836259}.Release|Mixed Platforms.Build.0 = Release|Any CPU
		{3CB4A6BB-55FA-4E51-8067-B7539E836259}.Release|x86.ActiveCfg = Release|Any CPU
		{AA6BD733-19D8-42F6-A5BE-8D6208F9BEEE}.Debug|Any CPU.ActiveCfg = Debug|Any CPU
		{AA6BD733-19D8-42F6-A5BE-8D6208F9BEEE}.Debug|Any CPU.Build.0 = Debug|Any CPU
		{AA6BD733-19D8-42F6-A5BE-8D6208F9BEEE}.Debug|Mixed Platforms.ActiveCfg = Debug|Any CPU
		{AA6BD733-19D8-42F6-A5BE-8D6208F9BEEE}.Debug|Mixed Platforms.Build.0 = Debug|Any CPU
		{AA6BD733-19D8-42F6-A5BE-8D6208F9BEEE}.Debug|x86.ActiveCfg = Debug|Any CPU
		{AA6BD733-19D8-42F6-A5BE-8D6208F9BEEE}.Release|Any CPU.ActiveCfg = Release|Any CPU
		{AA6BD733-19D8-42F6-A5BE-8D6208F9BEEE}.Release|Any CPU.Build.0 = Release|Any CPU
		{AA6BD733-19D8-42F6-A5BE-8D6208F9BEEE}.Release|Mixed Platforms.ActiveCfg = Release|Any CPU
		{AA6BD733-19D8-42F6-A5BE-8D6208F9BEEE}.Release|Mixed Platforms.Build.0 = Release|Any CPU
		{AA6BD733-19D8-42F6-A5BE-8D6208F9BEEE}.Release|x86.ActiveCfg = Release|Any CPU
		{3B16F1E0-5FA6-42B4-BC34-84C89DACD04C}.Debug|Any CPU.ActiveCfg = Debug|Any CPU
		{3B16F1E0-5FA6-42B4-BC34-84C89DACD04C}.Debug|Any CPU.Build.0 = Debug|Any CPU
		{3B16F1E0-5FA6-42B4-BC34-84C89DACD04C}.Debug|Mixed Platforms.ActiveCfg = Debug|Any CPU
		{3B16F1E0-5FA6-42B4-BC34-84C89DACD04C}.Debug|Mixed Platforms.Build.0 = Debug|Any CPU
		{3B16F1E0-5FA6-42B4-BC34-84C89DACD04C}.Debug|x86.ActiveCfg = Debug|Any CPU
		{3B16F1E0-5FA6-42B4-BC34-84C89DACD04C}.Release|Any CPU.ActiveCfg = Release|Any CPU
		{3B16F1E0-5FA6-42B4-BC34-84C89DACD04C}.Release|Any CPU.Build.0 = Release|Any CPU
		{3B16F1E0-5FA6-42B4-BC34-84C89DACD04C}.Release|Mixed Platforms.ActiveCfg = Release|Any CPU
		{3B16F1E0-5FA6-42B4-BC34-84C89DACD04C}.Release|Mixed Platforms.Build.0 = Release|Any CPU
		{3B16F1E0-5FA6-42B4-BC34-84C89DACD04C}.Release|x86.ActiveCfg = Release|Any CPU
		{FC4500A9-8E83-46B0-87FA-86D44AB79AA7}.Debug|Any CPU.ActiveCfg = Debug|Any CPU
		{FC4500A9-8E83-46B0-87FA-86D44AB79AA7}.Debug|Any CPU.Build.0 = Debug|Any CPU
		{FC4500A9-8E83-46B0-87FA-86D44AB79AA7}.Debug|Mixed Platforms.ActiveCfg = Debug|Any CPU
		{FC4500A9-8E83-46B0-87FA-86D44AB79AA7}.Debug|Mixed Platforms.Build.0 = Debug|Any CPU
		{FC4500A9-8E83-46B0-87FA-86D44AB79AA7}.Debug|x86.ActiveCfg = Debug|Any CPU
		{FC4500A9-8E83-46B0-87FA-86D44AB79AA7}.Release|Any CPU.ActiveCfg = Release|Any CPU
		{FC4500A9-8E83-46B0-87FA-86D44AB79AA7}.Release|Any CPU.Build.0 = Release|Any CPU
		{FC4500A9-8E83-46B0-87FA-86D44AB79AA7}.Release|Mixed Platforms.ActiveCfg = Release|Any CPU
		{FC4500A9-8E83-46B0-87FA-86D44AB79AA7}.Release|Mixed Platforms.Build.0 = Release|Any CPU
		{FC4500A9-8E83-46B0-87FA-86D44AB79AA7}.Release|x86.ActiveCfg = Release|Any CPU
		{FC781797-AEC8-4C7E-A640-875FA041A7E3}.Debug|Any CPU.ActiveCfg = Debug|Any CPU
		{FC781797-AEC8-4C7E-A640-875FA041A7E3}.Debug|Any CPU.Build.0 = Debug|Any CPU
		{FC781797-AEC8-4C7E-A640-875FA041A7E3}.Debug|Mixed Platforms.ActiveCfg = Debug|Any CPU
		{FC781797-AEC8-4C7E-A640-875FA041A7E3}.Debug|Mixed Platforms.Build.0 = Debug|Any CPU
		{FC781797-AEC8-4C7E-A640-875FA041A7E3}.Debug|x86.ActiveCfg = Debug|Any CPU
		{FC781797-AEC8-4C7E-A640-875FA041A7E3}.Release|Any CPU.ActiveCfg = Release|Any CPU
		{FC781797-AEC8-4C7E-A640-875FA041A7E3}.Release|Any CPU.Build.0 = Release|Any CPU
		{FC781797-AEC8-4C7E-A640-875FA041A7E3}.Release|Mixed Platforms.ActiveCfg = Release|Any CPU
		{FC781797-AEC8-4C7E-A640-875FA041A7E3}.Release|Mixed Platforms.Build.0 = Release|Any CPU
		{FC781797-AEC8-4C7E-A640-875FA041A7E3}.Release|x86.ActiveCfg = Release|Any CPU
		{D403FE1C-FC80-4188-A016-33BC59238606}.Debug|Any CPU.ActiveCfg = Debug|Any CPU
		{D403FE1C-FC80-4188-A016-33BC59238606}.Debug|Any CPU.Build.0 = Debug|Any CPU
		{D403FE1C-FC80-4188-A016-33BC59238606}.Debug|Mixed Platforms.ActiveCfg = Debug|Any CPU
		{D403FE1C-FC80-4188-A016-33BC59238606}.Debug|Mixed Platforms.Build.0 = Debug|Any CPU
		{D403FE1C-FC80-4188-A016-33BC59238606}.Debug|x86.ActiveCfg = Debug|Any CPU
		{D403FE1C-FC80-4188-A016-33BC59238606}.Release|Any CPU.ActiveCfg = Release|Any CPU
		{D403FE1C-FC80-4188-A016-33BC59238606}.Release|Any CPU.Build.0 = Release|Any CPU
		{D403FE1C-FC80-4188-A016-33BC59238606}.Release|Mixed Platforms.ActiveCfg = Release|Any CPU
		{D403FE1C-FC80-4188-A016-33BC59238606}.Release|Mixed Platforms.Build.0 = Release|Any CPU
		{D403FE1C-FC80-4188-A016-33BC59238606}.Release|x86.ActiveCfg = Release|Any CPU
		{B0A07EF7-397F-4B27-9B19-0937E576AB95}.Debug|Any CPU.ActiveCfg = Debug|Any CPU
		{B0A07EF7-397F-4B27-9B19-0937E576AB95}.Debug|Any CPU.Build.0 = Debug|Any CPU
		{B0A07EF7-397F-4B27-9B19-0937E576AB95}.Debug|Mixed Platforms.ActiveCfg = Debug|Any CPU
		{B0A07EF7-397F-4B27-9B19-0937E576AB95}.Debug|Mixed Platforms.Build.0 = Debug|Any CPU
		{B0A07EF7-397F-4B27-9B19-0937E576AB95}.Debug|x86.ActiveCfg = Debug|Any CPU
		{B0A07EF7-397F-4B27-9B19-0937E576AB95}.Release|Any CPU.ActiveCfg = Release|Any CPU
		{B0A07EF7-397F-4B27-9B19-0937E576AB95}.Release|Any CPU.Build.0 = Release|Any CPU
		{B0A07EF7-397F-4B27-9B19-0937E576AB95}.Release|Mixed Platforms.ActiveCfg = Release|Any CPU
		{B0A07EF7-397F-4B27-9B19-0937E576AB95}.Release|Mixed Platforms.Build.0 = Release|Any CPU
		{B0A07EF7-397F-4B27-9B19-0937E576AB95}.Release|x86.ActiveCfg = Release|Any CPU
		{9D6750A5-E793-49D7-9499-88B2DAB3DCEC}.Debug|Any CPU.ActiveCfg = Debug|Any CPU
		{9D6750A5-E793-49D7-9499-88B2DAB3DCEC}.Debug|Any CPU.Build.0 = Debug|Any CPU
		{9D6750A5-E793-49D7-9499-88B2DAB3DCEC}.Debug|Mixed Platforms.ActiveCfg = Debug|Any CPU
		{9D6750A5-E793-49D7-9499-88B2DAB3DCEC}.Debug|Mixed Platforms.Build.0 = Debug|Any CPU
		{9D6750A5-E793-49D7-9499-88B2DAB3DCEC}.Debug|x86.ActiveCfg = Debug|Any CPU
		{9D6750A5-E793-49D7-9499-88B2DAB3DCEC}.Release|Any CPU.ActiveCfg = Release|Any CPU
		{9D6750A5-E793-49D7-9499-88B2DAB3DCEC}.Release|Any CPU.Build.0 = Release|Any CPU
		{9D6750A5-E793-49D7-9499-88B2DAB3DCEC}.Release|Mixed Platforms.ActiveCfg = Release|Any CPU
		{9D6750A5-E793-49D7-9499-88B2DAB3DCEC}.Release|Mixed Platforms.Build.0 = Release|Any CPU
		{9D6750A5-E793-49D7-9499-88B2DAB3DCEC}.Release|x86.ActiveCfg = Release|Any CPU
		{63EB9D37-91F6-4B68-BBDE-CCF48058BE2E}.Debug|Any CPU.ActiveCfg = Debug|Any CPU
		{63EB9D37-91F6-4B68-BBDE-CCF48058BE2E}.Debug|Any CPU.Build.0 = Debug|Any CPU
		{63EB9D37-91F6-4B68-BBDE-CCF48058BE2E}.Debug|Mixed Platforms.ActiveCfg = Debug|Any CPU
		{63EB9D37-91F6-4B68-BBDE-CCF48058BE2E}.Debug|Mixed Platforms.Build.0 = Debug|Any CPU
		{63EB9D37-91F6-4B68-BBDE-CCF48058BE2E}.Debug|x86.ActiveCfg = Debug|Any CPU
		{63EB9D37-91F6-4B68-BBDE-CCF48058BE2E}.Release|Any CPU.ActiveCfg = Release|Any CPU
		{63EB9D37-91F6-4B68-BBDE-CCF48058BE2E}.Release|Any CPU.Build.0 = Release|Any CPU
		{63EB9D37-91F6-4B68-BBDE-CCF48058BE2E}.Release|Mixed Platforms.ActiveCfg = Release|Any CPU
		{63EB9D37-91F6-4B68-BBDE-CCF48058BE2E}.Release|Mixed Platforms.Build.0 = Release|Any CPU
		{63EB9D37-91F6-4B68-BBDE-CCF48058BE2E}.Release|x86.ActiveCfg = Release|Any CPU
		{5C863304-BF8E-4F62-BDBE-8BF32B77EB53}.Debug|Any CPU.ActiveCfg = Debug|Any CPU
		{5C863304-BF8E-4F62-BDBE-8BF32B77EB53}.Debug|Any CPU.Build.0 = Debug|Any CPU
		{5C863304-BF8E-4F62-BDBE-8BF32B77EB53}.Debug|Mixed Platforms.ActiveCfg = Debug|Any CPU
		{5C863304-BF8E-4F62-BDBE-8BF32B77EB53}.Debug|Mixed Platforms.Build.0 = Debug|Any CPU
		{5C863304-BF8E-4F62-BDBE-8BF32B77EB53}.Debug|x86.ActiveCfg = Debug|Any CPU
		{5C863304-BF8E-4F62-BDBE-8BF32B77EB53}.Release|Any CPU.ActiveCfg = Release|Any CPU
		{5C863304-BF8E-4F62-BDBE-8BF32B77EB53}.Release|Any CPU.Build.0 = Release|Any CPU
		{5C863304-BF8E-4F62-BDBE-8BF32B77EB53}.Release|Mixed Platforms.ActiveCfg = Release|Any CPU
		{5C863304-BF8E-4F62-BDBE-8BF32B77EB53}.Release|Mixed Platforms.Build.0 = Release|Any CPU
		{5C863304-BF8E-4F62-BDBE-8BF32B77EB53}.Release|x86.ActiveCfg = Release|Any CPU
		{34B38477-E36C-4557-AC0A-121DA9E90C15}.Debug|Any CPU.ActiveCfg = Debug|x86
		{34B38477-E36C-4557-AC0A-121DA9E90C15}.Debug|Mixed Platforms.ActiveCfg = Debug|x86
		{34B38477-E36C-4557-AC0A-121DA9E90C15}.Debug|Mixed Platforms.Build.0 = Debug|x86
		{34B38477-E36C-4557-AC0A-121DA9E90C15}.Debug|x86.ActiveCfg = Debug|x86
		{34B38477-E36C-4557-AC0A-121DA9E90C15}.Debug|x86.Build.0 = Debug|x86
		{34B38477-E36C-4557-AC0A-121DA9E90C15}.Release|Any CPU.ActiveCfg = Release|x86
		{34B38477-E36C-4557-AC0A-121DA9E90C15}.Release|Mixed Platforms.ActiveCfg = Release|x86
		{34B38477-E36C-4557-AC0A-121DA9E90C15}.Release|Mixed Platforms.Build.0 = Release|x86
		{34B38477-E36C-4557-AC0A-121DA9E90C15}.Release|x86.ActiveCfg = Release|x86
		{34B38477-E36C-4557-AC0A-121DA9E90C15}.Release|x86.Build.0 = Release|x86
		{22ED0AD2-7463-438A-BBD8-EB51826D09A8}.Debug|Any CPU.ActiveCfg = Debug|x86
		{22ED0AD2-7463-438A-BBD8-EB51826D09A8}.Debug|Mixed Platforms.ActiveCfg = Debug|x86
		{22ED0AD2-7463-438A-BBD8-EB51826D09A8}.Debug|Mixed Platforms.Build.0 = Debug|x86
		{22ED0AD2-7463-438A-BBD8-EB51826D09A8}.Debug|x86.ActiveCfg = Debug|x86
		{22ED0AD2-7463-438A-BBD8-EB51826D09A8}.Debug|x86.Build.0 = Debug|x86
		{22ED0AD2-7463-438A-BBD8-EB51826D09A8}.Release|Any CPU.ActiveCfg = Release|x86
		{22ED0AD2-7463-438A-BBD8-EB51826D09A8}.Release|Mixed Platforms.ActiveCfg = Release|x86
		{22ED0AD2-7463-438A-BBD8-EB51826D09A8}.Release|Mixed Platforms.Build.0 = Release|x86
		{22ED0AD2-7463-438A-BBD8-EB51826D09A8}.Release|x86.ActiveCfg = Release|x86
		{22ED0AD2-7463-438A-BBD8-EB51826D09A8}.Release|x86.Build.0 = Release|x86
		{860D0BA5-3539-43BA-960B-18DAD741CCBC}.Debug|Any CPU.ActiveCfg = Debug|x86
		{860D0BA5-3539-43BA-960B-18DAD741CCBC}.Debug|Mixed Platforms.ActiveCfg = Debug|x86
		{860D0BA5-3539-43BA-960B-18DAD741CCBC}.Debug|Mixed Platforms.Build.0 = Debug|x86
		{860D0BA5-3539-43BA-960B-18DAD741CCBC}.Debug|x86.ActiveCfg = Debug|x86
		{860D0BA5-3539-43BA-960B-18DAD741CCBC}.Debug|x86.Build.0 = Debug|x86
		{860D0BA5-3539-43BA-960B-18DAD741CCBC}.Release|Any CPU.ActiveCfg = Release|x86
		{860D0BA5-3539-43BA-960B-18DAD741CCBC}.Release|Mixed Platforms.ActiveCfg = Release|x86
		{860D0BA5-3539-43BA-960B-18DAD741CCBC}.Release|Mixed Platforms.Build.0 = Release|x86
		{860D0BA5-3539-43BA-960B-18DAD741CCBC}.Release|x86.ActiveCfg = Release|x86
		{860D0BA5-3539-43BA-960B-18DAD741CCBC}.Release|x86.Build.0 = Release|x86
		{E396BE3E-4AA6-4A90-88C0-977837268609}.Debug|Any CPU.ActiveCfg = Debug|x86
		{E396BE3E-4AA6-4A90-88C0-977837268609}.Debug|Mixed Platforms.ActiveCfg = Debug|x86
		{E396BE3E-4AA6-4A90-88C0-977837268609}.Debug|Mixed Platforms.Build.0 = Debug|x86
		{E396BE3E-4AA6-4A90-88C0-977837268609}.Debug|x86.ActiveCfg = Debug|x86
		{E396BE3E-4AA6-4A90-88C0-977837268609}.Debug|x86.Build.0 = Debug|x86
		{E396BE3E-4AA6-4A90-88C0-977837268609}.Release|Any CPU.ActiveCfg = Release|x86
		{E396BE3E-4AA6-4A90-88C0-977837268609}.Release|Mixed Platforms.ActiveCfg = Release|x86
		{E396BE3E-4AA6-4A90-88C0-977837268609}.Release|Mixed Platforms.Build.0 = Release|x86
		{E396BE3E-4AA6-4A90-88C0-977837268609}.Release|x86.ActiveCfg = Release|x86
		{E396BE3E-4AA6-4A90-88C0-977837268609}.Release|x86.Build.0 = Release|x86
		{C2650294-B9FF-4668-8CC2-78B36E060CB2}.Debug|Any CPU.ActiveCfg = Debug|Any CPU
		{C2650294-B9FF-4668-8CC2-78B36E060CB2}.Debug|Any CPU.Build.0 = Debug|Any CPU
		{C2650294-B9FF-4668-8CC2-78B36E060CB2}.Debug|Mixed Platforms.ActiveCfg = Debug|Any CPU
		{C2650294-B9FF-4668-8CC2-78B36E060CB2}.Debug|Mixed Platforms.Build.0 = Debug|Any CPU
		{C2650294-B9FF-4668-8CC2-78B36E060CB2}.Debug|x86.ActiveCfg = Debug|Any CPU
		{C2650294-B9FF-4668-8CC2-78B36E060CB2}.Release|Any CPU.ActiveCfg = Release|Any CPU
		{C2650294-B9FF-4668-8CC2-78B36E060CB2}.Release|Any CPU.Build.0 = Release|Any CPU
		{C2650294-B9FF-4668-8CC2-78B36E060CB2}.Release|Mixed Platforms.ActiveCfg = Release|Any CPU
		{C2650294-B9FF-4668-8CC2-78B36E060CB2}.Release|Mixed Platforms.Build.0 = Release|Any CPU
		{C2650294-B9FF-4668-8CC2-78B36E060CB2}.Release|x86.ActiveCfg = Release|Any CPU
		{6A69BC15-4AD8-48B4-8C78-FA93D0736227}.Debug|Any CPU.ActiveCfg = Debug|Any CPU
		{6A69BC15-4AD8-48B4-8C78-FA93D0736227}.Debug|Any CPU.Build.0 = Debug|Any CPU
		{6A69BC15-4AD8-48B4-8C78-FA93D0736227}.Debug|Mixed Platforms.ActiveCfg = Debug|Any CPU
		{6A69BC15-4AD8-48B4-8C78-FA93D0736227}.Debug|Mixed Platforms.Build.0 = Debug|Any CPU
		{6A69BC15-4AD8-48B4-8C78-FA93D0736227}.Debug|x86.ActiveCfg = Debug|Any CPU
		{6A69BC15-4AD8-48B4-8C78-FA93D0736227}.Release|Any CPU.ActiveCfg = Release|Any CPU
		{6A69BC15-4AD8-48B4-8C78-FA93D0736227}.Release|Any CPU.Build.0 = Release|Any CPU
		{6A69BC15-4AD8-48B4-8C78-FA93D0736227}.Release|Mixed Platforms.ActiveCfg = Release|Any CPU
		{6A69BC15-4AD8-48B4-8C78-FA93D0736227}.Release|Mixed Platforms.Build.0 = Release|Any CPU
		{6A69BC15-4AD8-48B4-8C78-FA93D0736227}.Release|x86.ActiveCfg = Release|Any CPU
		{9278A6E8-16F4-4E0B-986B-B67025616C87}.Debug|Any CPU.ActiveCfg = Debug|Any CPU
		{9278A6E8-16F4-4E0B-986B-B67025616C87}.Debug|Any CPU.Build.0 = Debug|Any CPU
		{9278A6E8-16F4-4E0B-986B-B67025616C87}.Debug|Mixed Platforms.ActiveCfg = Debug|Any CPU
		{9278A6E8-16F4-4E0B-986B-B67025616C87}.Debug|Mixed Platforms.Build.0 = Debug|Any CPU
		{9278A6E8-16F4-4E0B-986B-B67025616C87}.Debug|x86.ActiveCfg = Debug|Any CPU
		{9278A6E8-16F4-4E0B-986B-B67025616C87}.Release|Any CPU.ActiveCfg = Release|Any CPU
		{9278A6E8-16F4-4E0B-986B-B67025616C87}.Release|Any CPU.Build.0 = Release|Any CPU
		{9278A6E8-16F4-4E0B-986B-B67025616C87}.Release|Mixed Platforms.ActiveCfg = Release|Any CPU
		{9278A6E8-16F4-4E0B-986B-B67025616C87}.Release|Mixed Platforms.Build.0 = Release|Any CPU
		{9278A6E8-16F4-4E0B-986B-B67025616C87}.Release|x86.ActiveCfg = Release|Any CPU
		{0460259E-64D5-49A3-A173-B378A0F61FE3}.Debug|Any CPU.ActiveCfg = Debug|x86
		{0460259E-64D5-49A3-A173-B378A0F61FE3}.Debug|Mixed Platforms.ActiveCfg = Debug|x86
		{0460259E-64D5-49A3-A173-B378A0F61FE3}.Debug|Mixed Platforms.Build.0 = Debug|x86
		{0460259E-64D5-49A3-A173-B378A0F61FE3}.Debug|x86.ActiveCfg = Debug|x86
		{0460259E-64D5-49A3-A173-B378A0F61FE3}.Debug|x86.Build.0 = Debug|x86
		{0460259E-64D5-49A3-A173-B378A0F61FE3}.Release|Any CPU.ActiveCfg = Release|x86
		{0460259E-64D5-49A3-A173-B378A0F61FE3}.Release|Mixed Platforms.ActiveCfg = Release|x86
		{0460259E-64D5-49A3-A173-B378A0F61FE3}.Release|Mixed Platforms.Build.0 = Release|x86
		{0460259E-64D5-49A3-A173-B378A0F61FE3}.Release|x86.ActiveCfg = Release|x86
		{0460259E-64D5-49A3-A173-B378A0F61FE3}.Release|x86.Build.0 = Release|x86
	EndGlobalSection
	GlobalSection(SolutionProperties) = preSolution
		HideSolutionNode = FALSE
	EndGlobalSection
	GlobalSection(NestedProjects) = preSolution
		{AC4BA162-A098-42EC-87B1-130A9B23AA4F} = {F97E5AC2-FC16-4F0D-B45B-B5C7398F0AB4}
		{21CF2BF5-8ED9-409F-AD97-E463AAE5F943} = {F97E5AC2-FC16-4F0D-B45B-B5C7398F0AB4}
		{DBCA8320-C4BA-4B2E-8F98-2035CF817198} = {71A0BD2E-D85D-41F8-A645-1C1DA36AF1DD}
		{DA0E4D1A-EEC9-4C67-AF90-F005421B6ED5} = {71A0BD2E-D85D-41F8-A645-1C1DA36AF1DD}
		{BEC7CC8E-B5D8-4AF1-AF40-9FE471F56952} = {71A0BD2E-D85D-41F8-A645-1C1DA36AF1DD}
		{A43DEC90-0D82-43EC-910E-FA22B53EDE53} = {71A0BD2E-D85D-41F8-A645-1C1DA36AF1DD}
		{EFABBC06-7201-4446-80F2-80C9D525916C} = {03F374C1-FD9C-4251-8809-08252FDAE615}
		{9523644A-8EA4-4C73-AB7B-4C25181837BA} = {03F374C1-FD9C-4251-8809-08252FDAE615}
		{F6E4F7D0-70C5-429E-A70E-F473B5ACC038} = {03F374C1-FD9C-4251-8809-08252FDAE615}
		{9431D7F1-8C0F-41A2-A43E-9E8980694650} = {03F374C1-FD9C-4251-8809-08252FDAE615}
		{DAE93A0B-03AF-445E-AB8B-C600D3F6E80A} = {03F374C1-FD9C-4251-8809-08252FDAE615}
		{FB2824D5-69BE-4378-95B8-93DC9D8BB499} = {03F374C1-FD9C-4251-8809-08252FDAE615}
		{53EE36A8-E542-4598-8C50-DFCBD271BAF5} = {AC4BA162-A098-42EC-87B1-130A9B23AA4F}
		{FC4500A9-8E83-46B0-87FA-86D44AB79AA7} = {AC4BA162-A098-42EC-87B1-130A9B23AA4F}
		{FC781797-AEC8-4C7E-A640-875FA041A7E3} = {AC4BA162-A098-42EC-87B1-130A9B23AA4F}
		{D403FE1C-FC80-4188-A016-33BC59238606} = {AC4BA162-A098-42EC-87B1-130A9B23AA4F}
		{C2650294-B9FF-4668-8CC2-78B36E060CB2} = {AC4BA162-A098-42EC-87B1-130A9B23AA4F}
		{6A69BC15-4AD8-48B4-8C78-FA93D0736227} = {AC4BA162-A098-42EC-87B1-130A9B23AA4F}
		{9278A6E8-16F4-4E0B-986B-B67025616C87} = {AC4BA162-A098-42EC-87B1-130A9B23AA4F}
		{0460259E-64D5-49A3-A173-B378A0F61FE3} = {21CF2BF5-8ED9-409F-AD97-E463AAE5F943}
		{6B11022B-F840-4950-A789-DB98DED29EEB} = {DBCA8320-C4BA-4B2E-8F98-2035CF817198}
		{B39B6372-4D26-4AA5-9112-E3A7EA41F5C3} = {DBCA8320-C4BA-4B2E-8F98-2035CF817198}
		{46B2DBC2-1911-47AA-99CE-B4F4630AC614} = {DBCA8320-C4BA-4B2E-8F98-2035CF817198}
		{2562A355-DFAA-431E-BB08-53A1D3D8D134} = {DBCA8320-C4BA-4B2E-8F98-2035CF817198}
		{0B8BD7D0-5B6B-4675-A002-5180AC8E4BCD} = {DA0E4D1A-EEC9-4C67-AF90-F005421B6ED5}
		{3CB4A6BB-55FA-4E51-8067-B7539E836259} = {DA0E4D1A-EEC9-4C67-AF90-F005421B6ED5}
		{AA6BD733-19D8-42F6-A5BE-8D6208F9BEEE} = {DA0E4D1A-EEC9-4C67-AF90-F005421B6ED5}
		{3B16F1E0-5FA6-42B4-BC34-84C89DACD04C} = {DA0E4D1A-EEC9-4C67-AF90-F005421B6ED5}
		{B0A07EF7-397F-4B27-9B19-0937E576AB95} = {BEC7CC8E-B5D8-4AF1-AF40-9FE471F56952}
		{9D6750A5-E793-49D7-9499-88B2DAB3DCEC} = {BEC7CC8E-B5D8-4AF1-AF40-9FE471F56952}
		{63EB9D37-91F6-4B68-BBDE-CCF48058BE2E} = {BEC7CC8E-B5D8-4AF1-AF40-9FE471F56952}
		{5C863304-BF8E-4F62-BDBE-8BF32B77EB53} = {BEC7CC8E-B5D8-4AF1-AF40-9FE471F56952}
		{34B38477-E36C-4557-AC0A-121DA9E90C15} = {A43DEC90-0D82-43EC-910E-FA22B53EDE53}
		{22ED0AD2-7463-438A-BBD8-EB51826D09A8} = {A43DEC90-0D82-43EC-910E-FA22B53EDE53}
		{860D0BA5-3539-43BA-960B-18DAD741CCBC} = {A43DEC90-0D82-43EC-910E-FA22B53EDE53}
		{E396BE3E-4AA6-4A90-88C0-977837268609} = {A43DEC90-0D82-43EC-910E-FA22B53EDE53}
	EndGlobalSection
EndGlobal
